
Microsoft Visual Studio Solution File, Format Version 12.00
# Visual Studio Version 17
VisualStudioVersion = 17.4.33110.190
MinimumVisualStudioVersion = 10.0.40219.1
Project("{FAE04EC0-301F-11D3-BF4B-00C04F79EFBC}") = "Address_Book", "Address_Book.csproj", "{FAAB60A2-113A-4C39-85A3-1402F900038C}"
EndProject
Global
	GlobalSection(SolutionConfigurationPlatforms) = preSolution
		Debug|Any CPU = Debug|Any CPU
		Release|Any CPU = Release|Any CPU
	EndGlobalSection
	GlobalSection(ProjectConfigurationPlatforms) = postSolution
		{FAAB60A2-113A-4C39-85A3-1402F900038C}.Debug|Any CPU.ActiveCfg = Debug|Any CPU
		{FAAB60A2-113A-4C39-85A3-1402F900038C}.Debug|Any CPU.Build.0 = Debug|Any CPU
		{FAAB60A2-113A-4C39-85A3-1402F900038C}.Release|Any CPU.ActiveCfg = Release|Any CPU
		{FAAB60A2-113A-4C39-85A3-1402F900038C}.Release|Any CPU.Build.0 = Release|Any CPU
	EndGlobalSection
	GlobalSection(SolutionProperties) = preSolution
		HideSolutionNode = FALSE
	EndGlobalSection
	GlobalSection(ExtensibilityGlobals) = postSolution
		SolutionGuid = {A1CEB7D3-6A47-40F4-A496-AA1A51A43973}
	EndGlobalSection
EndGlobal
